PODS:
  - CryptoSwift (1.8.4)
  - Kingfisher (7.12.0)
  - SnapKit (5.7.1)
  - SwiftSoup (2.7.3)

DEPENDENCIES:
  - CryptoSwift
  - Kingfisher
  - SnapKit
  - SwiftSoup

SPEC REPOS:
  trunk:
    - CryptoSwift
    - Kingfisher
    - SnapKit
    - SwiftSoup

SPEC CHECKSUMS:
  CryptoSwift: e64e11850ede528a02a0f3e768cec8e9d92ecb90
  Kingfisher: 53a10ea35051a436b5fb626ca2dd8f3144d755e9
  SnapKit: d612e99e678a2d3b95bf60b0705ed0a35c03484a
  SwiftSoup: e3849c3293b1efee9cf892f91f6ae5c22bfeb5f7

PODFILE CHECKSUM: 2b0d2915a793cf21441216bee6842558d491e38e

COCOAPODS: 1.16.2
